
Microsoft Visual Studio Solution File, Format Version 12.00
# Visual Studio Version 17
VisualStudioVersion = 17.14.36212.18 d17.14
MinimumVisualStudioVersion = 10.0.40219.1
Project("{FAE04EC0-301F-11D3-BF4B-00C04F79EFBC}") = "BakeryExo", "BakeryExo\BakeryExo.csproj", "{93207B60-4D3A-4203-AB88-42D75B67E485}"
EndProject
Global
	GlobalSection(SolutionConfigurationPlatforms) = preSolution
		Debug|Any CPU = Debug|Any CPU
		Release|Any CPU = Release|Any CPU
	EndGlobalSection
	GlobalSection(ProjectConfigurationPlatforms) = postSolution
		{93207B60-4D3A-4203-AB88-42D75B67E485}.Debug|Any CPU.ActiveCfg = Debug|Any CPU
		{93207B60-4D3A-4203-AB88-42D75B67E485}.Debug|Any CPU.Build.0 = Debug|Any CPU
		{93207B60-4D3A-4203-AB88-42D75B67E485}.Release|Any CPU.ActiveCfg = Release|Any CPU
		{93207B60-4D3A-4203-AB88-42D75B67E485}.Release|Any CPU.Build.0 = Release|Any CPU
	EndGlobalSection
	GlobalSection(SolutionProperties) = preSolution
		HideSolutionNode = FALSE
	EndGlobalSection
	GlobalSection(ExtensibilityGlobals) = postSolution
		SolutionGuid = {195E1BCF-3663-4D43-86E7-72D86E488868}
	EndGlobalSection
EndGlobal
